# THIS IS AN AUTOGENERATED FILE. DO NOT EDIT THIS FILE DIRECTLY.
# yarn lockfile v1


commander@^9.3.0:
  version "9.5.0"
  resolved "https://registry.yarnpkg.com/commander/-/commander-9.5.0.tgz#bc08d1eb5cedf7ccb797a96199d41c7bc3e60d30"
  integrity sha512-KRs7WVDKg86PWiuAqhDrAQnTXZKraVcCc6vFdL14qrZ/DcWwuRo7VoiYXalXO7S5GKpqYiVEwCbgFDfxNHKJBQ==

lorem-ipsum@^2.0.8:
  version "2.0.8"
  resolved "https://registry.yarnpkg.com/lorem-ipsum/-/lorem-ipsum-2.0.8.tgz#f969a089f2ac6f19cf01b854b61beabb0e6f3cbc"
  integrity sha512-5RIwHuCb979RASgCJH0VKERn9cQo/+NcAi2BMe9ddj+gp7hujl6BI+qdOG4nVsLDpwWEJwTVYXNKP6BGgbcoGA==
  dependencies:
    commander "^9.3.0"

typescript@^5.3.3:
  version "5.3.3"
  resolved "https://registry.yarnpkg.com/typescript/-/typescript-5.3.3.tgz#b3ce6ba258e72e6305ba66f5c9b452aaee3ffe37"
  integrity sha512-pXWcraxM0uxAS+tN0AG/BF2TyqmHO014Z070UsJ+pFvYuRSq8KH8DmWpnbXe0pEPDHXZV3FcAbJkijJ5oNEnWw==
